
Microsoft Visual Studio Solution File, Format Version 12.00
# Blend for Visual Studio 15
VisualStudioVersion = 15.0.27703.2026
MinimumVisualStudioVersion = 10.0.40219.1
Project("{FAE04EC0-301F-11D3-BF4B-00C04F79EFBC}") = "ImitateBlendAnimation", "ImitateBlendAnimation\ImitateBlendAnimation.csproj", "{C10C7E6B-BBB1-4F31-B786-8130AC48F4ED}"
EndProject
Global
	GlobalSection(SolutionConfigurationPlatforms) = preSolution
		Debug|Any CPU = Debug|Any CPU
		Release|Any CPU = Release|Any CPU
	EndGlobalSection
	GlobalSection(ProjectConfigurationPlatforms) = postSolution
		{C10C7E6B-BBB1-4F31-B786-8130AC48F4ED}.Debug|Any CPU.ActiveCfg = Debug|Any CPU
		{C10C7E6B-BBB1-4F31-B786-8130AC48F4ED}.Debug|Any CPU.Build.0 = Debug|Any CPU
		{C10C7E6B-BBB1-4F31-B786-8130AC48F4ED}.Release|Any CPU.ActiveCfg = Release|Any CPU
		{C10C7E6B-BBB1-4F31-B786-8130AC48F4ED}.Release|Any CPU.Build.0 = Release|Any CPU
	EndGlobalSection
	GlobalSection(SolutionProperties) = preSolution
		HideSolutionNode = FALSE
	EndGlobalSection
	GlobalSection(ExtensibilityGlobals) = postSolution
		SolutionGuid = {110D8622-B640-435B-AF46-6FF0ECDB27B3}
	EndGlobalSection
EndGlobal
